
Microsoft Visual Studio Solution File, Format Version 12.00
# Visual Studio Version 16
VisualStudioVersion = 16.0.30621.155
MinimumVisualStudioVersion = 10.0.40219.1
Project("{FAE04EC0-301F-11D3-BF4B-00C04F79EFBC}") = "FiguresLibrary", "Figures\FiguresLibrary.csproj", "{7C66BC3F-689D-433D-8DA1-0B4966890945}"
EndProject
Project("{FAE04EC0-301F-11D3-BF4B-00C04F79EFBC}") = "FiguresUnitTest", "FiguresUnitTest\FiguresUnitTest.csproj", "{33F36E9E-5B76-4ECF-BFB9-97E01C2161C3}"
EndProject
Project("{FAE04EC0-301F-11D3-BF4B-00C04F79EFBC}") = "FiguresApp", "FiguresApp\FiguresApp.csproj", "{602E26CD-DCD1-4358-B7BF-C17FFA087CC0}"
EndProject
Global
	GlobalSection(SolutionConfigurationPlatforms) = preSolution
		Debug|Any CPU = Debug|Any CPU
		Release|Any CPU = Release|Any CPU
	EndGlobalSection
	GlobalSection(ProjectConfigurationPlatforms) = postSolution
		{7C66BC3F-689D-433D-8DA1-0B4966890945}.Debug|Any CPU.ActiveCfg = Debug|Any CPU
		{7C66BC3F-689D-433D-8DA1-0B4966890945}.Debug|Any CPU.Build.0 = Debug|Any CPU
		{7C66BC3F-689D-433D-8DA1-0B4966890945}.Release|Any CPU.ActiveCfg = Release|Any CPU
		{7C66BC3F-689D-433D-8DA1-0B4966890945}.Release|Any CPU.Build.0 = Release|Any CPU
		{33F36E9E-5B76-4ECF-BFB9-97E01C2161C3}.Debug|Any CPU.ActiveCfg = Debug|Any CPU
		{33F36E9E-5B76-4ECF-BFB9-97E01C2161C3}.Debug|Any CPU.Build.0 = Debug|Any CPU
		{33F36E9E-5B76-4ECF-BFB9-97E01C2161C3}.Release|Any CPU.ActiveCfg = Release|Any CPU
		{33F36E9E-5B76-4ECF-BFB9-97E01C2161C3}.Release|Any CPU.Build.0 = Release|Any CPU
		{602E26CD-DCD1-4358-B7BF-C17FFA087CC0}.Debug|Any CPU.ActiveCfg = Debug|Any CPU
		{602E26CD-DCD1-4358-B7BF-C17FFA087CC0}.Debug|Any CPU.Build.0 = Debug|Any CPU
		{602E26CD-DCD1-4358-B7BF-C17FFA087CC0}.Release|Any CPU.ActiveCfg = Release|Any CPU
		{602E26CD-DCD1-4358-B7BF-C17FFA087CC0}.Release|Any CPU.Build.0 = Release|Any CPU
	EndGlobalSection
	GlobalSection(SolutionProperties) = preSolution
		HideSolutionNode = FALSE
	EndGlobalSection
	GlobalSection(ExtensibilityGlobals) = postSolution
		SolutionGuid = {FE44140A-3875-4CDB-89D9-E7010E173304}
	EndGlobalSection
EndGlobal
